
Microsoft Visual Studio Solution File, Format Version 12.00
# Visual Studio Version 17
VisualStudioVersion = 17.13.35806.99
MinimumVisualStudioVersion = 10.0.40219.1
Project("{FAE04EC0-301F-11D3-BF4B-00C04F79EFBC}") = "ApiSolcaClase", "ApiSolcaClase\ApiSolcaClase.csproj", "{3BDFE0C7-990E-4D50-A482-1545FB5532A9}"
EndProject
Project("{FAE04EC0-301F-11D3-BF4B-00C04F79EFBC}") = "ModelsDB", "ModelsDB\ModelsDB.csproj", "{4397AA6C-5D49-453E-ACDE-DE819C3E0BAE}"
EndProject
Global
	GlobalSection(SolutionConfigurationPlatforms) = preSolution
		Debug|Any CPU = Debug|Any CPU
		Release|Any CPU = Release|Any CPU
	EndGlobalSection
	GlobalSection(ProjectConfigurationPlatforms) = postSolution
		{3BDFE0C7-990E-4D50-A482-1545FB5532A9}.Debug|Any CPU.ActiveCfg = Debug|Any CPU
		{3BDFE0C7-990E-4D50-A482-1545FB5532A9}.Debug|Any CPU.Build.0 = Debug|Any CPU
		{3BDFE0C7-990E-4D50-A482-1545FB5532A9}.Release|Any CPU.ActiveCfg = Release|Any CPU
		{3BDFE0C7-990E-4D50-A482-1545FB5532A9}.Release|Any CPU.Build.0 = Release|Any CPU
		{4397AA6C-5D49-453E-ACDE-DE819C3E0BAE}.Debug|Any CPU.ActiveCfg = Debug|Any CPU
		{4397AA6C-5D49-453E-ACDE-DE819C3E0BAE}.Debug|Any CPU.Build.0 = Debug|Any CPU
		{4397AA6C-5D49-453E-ACDE-DE819C3E0BAE}.Release|Any CPU.ActiveCfg = Release|Any CPU
		{4397AA6C-5D49-453E-ACDE-DE819C3E0BAE}.Release|Any CPU.Build.0 = Release|Any CPU
	EndGlobalSection
	GlobalSection(SolutionProperties) = preSolution
		HideSolutionNode = FALSE
	EndGlobalSection
	GlobalSection(ExtensibilityGlobals) = postSolution
		SolutionGuid = {6CA4D550-7955-487A-B9DC-031202BD7E06}
	EndGlobalSection
EndGlobal
